
Microsoft Visual Studio Solution File, Format Version 12.00
# Visual Studio 2013
VisualStudioVersion = 12.0.21005.1
MinimumVisualStudioVersion = 10.0.40219.1
Project("{FAE04EC0-301F-11D3-BF4B-00C04F79EFBC}") = "Web_Main", "Web_Main\Web_Main.csproj", "{274B66CA-3681-47F2-A966-F75056459D53}"
EndProject
Project("{FAE04EC0-301F-11D3-BF4B-00C04F79EFBC}") = "Services", "Services\Services.csproj", "{5823A618-C410-4638-A0CA-7DEE5929E4A7}"
EndProject
Global
	GlobalSection(SolutionConfigurationPlatforms) = preSolution
		Debug|Any CPU = Debug|Any CPU
		Release|Any CPU = Release|Any CPU
	EndGlobalSection
	GlobalSection(ProjectConfigurationPlatforms) = postSolution
		{274B66CA-3681-47F2-A966-F75056459D53}.Debug|Any CPU.ActiveCfg = Debug|Any CPU
		{274B66CA-3681-47F2-A966-F75056459D53}.Debug|Any CPU.Build.0 = Debug|Any CPU
		{274B66CA-3681-47F2-A966-F75056459D53}.Release|Any CPU.ActiveCfg = Release|Any CPU
		{274B66CA-3681-47F2-A966-F75056459D53}.Release|Any CPU.Build.0 = Release|Any CPU
		{5823A618-C410-4638-A0CA-7DEE5929E4A7}.Debug|Any CPU.ActiveCfg = Debug|Any CPU
		{5823A618-C410-4638-A0CA-7DEE5929E4A7}.Debug|Any CPU.Build.0 = Debug|Any CPU
		{5823A618-C410-4638-A0CA-7DEE5929E4A7}.Release|Any CPU.ActiveCfg = Release|Any CPU
		{5823A618-C410-4638-A0CA-7DEE5929E4A7}.Release|Any CPU.Build.0 = Release|Any CPU
	EndGlobalSection
	GlobalSection(SolutionProperties) = preSolution
		HideSolutionNode = FALSE
	EndGlobalSection
EndGlobal
